
Microsoft Visual Studio Solution File, Format Version 12.00
# Visual Studio Version 16
VisualStudioVersion = 16.0.30907.101
MinimumVisualStudioVersion = 10.0.40219.1
Project("{FAE04EC0-301F-11D3-BF4B-00C04F79EFBC}") = "labwpf1", "labwpf1\labwpf1.csproj", "{98E00C53-A619-4E22-A1FC-CC72F22C9C0C}"
EndProject
Global
	GlobalSection(SolutionConfigurationPlatforms) = preSolution
		Debug|Any CPU = Debug|Any CPU
		Release|Any CPU = Release|Any CPU
	EndGlobalSection
	GlobalSection(ProjectConfigurationPlatforms) = postSolution
		{98E00C53-A619-4E22-A1FC-CC72F22C9C0C}.Debug|Any CPU.ActiveCfg = Debug|Any CPU
		{98E00C53-A619-4E22-A1FC-CC72F22C9C0C}.Debug|Any CPU.Build.0 = Debug|Any CPU
		{98E00C53-A619-4E22-A1FC-CC72F22C9C0C}.Release|Any CPU.ActiveCfg = Release|Any CPU
		{98E00C53-A619-4E22-A1FC-CC72F22C9C0C}.Release|Any CPU.Build.0 = Release|Any CPU
	EndGlobalSection
	GlobalSection(SolutionProperties) = preSolution
		HideSolutionNode = FALSE
	EndGlobalSection
	GlobalSection(ExtensibilityGlobals) = postSolution
		SolutionGuid = {18057986-6160-434E-9CCC-344CEB5E7554}
	EndGlobalSection
EndGlobal
