
Microsoft Visual Studio Solution File, Format Version 12.00
# Visual Studio Version 16
VisualStudioVersion = 16.0.30907.101
MinimumVisualStudioVersion = 10.0.40219.1
Project("{FAE04EC0-301F-11D3-BF4B-00C04F79EFBC}") = "lab9", "lab9\lab9.csproj", "{07750FB7-6979-4A87-A4FC-FFFEC5EDABA6}"
EndProject
Global
	GlobalSection(SolutionConfigurationPlatforms) = preSolution
		Debug|Any CPU = Debug|Any CPU
		Release|Any CPU = Release|Any CPU
	EndGlobalSection
	GlobalSection(ProjectConfigurationPlatforms) = postSolution
		{07750FB7-6979-4A87-A4FC-FFFEC5EDABA6}.Debug|Any CPU.ActiveCfg = Debug|Any CPU
		{07750FB7-6979-4A87-A4FC-FFFEC5EDABA6}.Debug|Any CPU.Build.0 = Debug|Any CPU
		{07750FB7-6979-4A87-A4FC-FFFEC5EDABA6}.Release|Any CPU.ActiveCfg = Release|Any CPU
		{07750FB7-6979-4A87-A4FC-FFFEC5EDABA6}.Release|Any CPU.Build.0 = Release|Any CPU
	EndGlobalSection
	GlobalSection(SolutionProperties) = preSolution
		HideSolutionNode = FALSE
	EndGlobalSection
	GlobalSection(ExtensibilityGlobals) = postSolution
		SolutionGuid = {81CD6C6E-A0A8-4648-8A2A-6E98F9424C72}
	EndGlobalSection
EndGlobal
